
Microsoft Visual Studio Solution File, Format Version 12.00
# Visual Studio Version 16
VisualStudioVersion = 16.0.28803.452
MinimumVisualStudioVersion = 10.0.40219.1
Project("{FAE04EC0-301F-11D3-BF4B-00C04F79EFBC}") = "TrackXamarinAppUser.Android", "TrackXamarinAppUser\TrackXamarinAppUser.Android\TrackXamarinAppUser.Android.csproj", "{15DEEA3C-1523-449D-BB6E-F2BF98719317}"
EndProject
Project("{FAE04EC0-301F-11D3-BF4B-00C04F79EFBC}") = "TrackXamarinAppUser.iOS", "TrackXamarinAppUser\TrackXamarinAppUser.iOS\TrackXamarinAppUser.iOS.csproj", "{1BA86B5A-66A3-485D-8524-D15274197402}"
EndProject
Project("{FAE04EC0-301F-11D3-BF4B-00C04F79EFBC}") = "TrackXamarinAppUser", "TrackXamarinAppUser\TrackXamarinAppUser\TrackXamarinAppUser.csproj", "{689014E4-2209-4605-8B75-426796ED83E6}"
EndProject
Global
	GlobalSection(SolutionConfigurationPlatforms) = preSolution
		Debug|Any CPU = Debug|Any CPU
		Debug|iPhone = Debug|iPhone
		Debug|iPhoneSimulator = Debug|iPhoneSimulator
		Release|Any CPU = Release|Any CPU
		Release|iPhone = Release|iPhone
		Release|iPhoneSimulator = Release|iPhoneSimulator
	EndGlobalSection
	GlobalSection(ProjectConfigurationPlatforms) = postSolution
		{15DEEA3C-1523-449D-BB6E-F2BF98719317}.Debug|Any CPU.ActiveCfg = Debug|Any CPU
		{15DEEA3C-1523-449D-BB6E-F2BF98719317}.Debug|Any CPU.Build.0 = Debug|Any CPU
		{15DEEA3C-1523-449D-BB6E-F2BF98719317}.Debug|Any CPU.Deploy.0 = Debug|Any CPU
		{15DEEA3C-1523-449D-BB6E-F2BF98719317}.Debug|iPhone.ActiveCfg = Debug|Any CPU
		{15DEEA3C-1523-449D-BB6E-F2BF98719317}.Debug|iPhone.Build.0 = Debug|Any CPU
		{15DEEA3C-1523-449D-BB6E-F2BF98719317}.Debug|iPhone.Deploy.0 = Debug|Any CPU
		{15DEEA3C-1523-449D-BB6E-F2BF98719317}.Debug|iPhoneSimulator.ActiveCfg = Debug|Any CPU
		{15DEEA3C-1523-449D-BB6E-F2BF98719317}.Debug|iPhoneSimulator.Build.0 = Debug|Any CPU
		{15DEEA3C-1523-449D-BB6E-F2BF98719317}.Debug|iPhoneSimulator.Deploy.0 = Debug|Any CPU
		{15DEEA3C-1523-449D-BB6E-F2BF98719317}.Release|Any CPU.ActiveCfg = Release|Any CPU
		{15DEEA3C-1523-449D-BB6E-F2BF98719317}.Release|Any CPU.Build.0 = Release|Any CPU
		{15DEEA3C-1523-449D-BB6E-F2BF98719317}.Release|Any CPU.Deploy.0 = Release|Any CPU
		{15DEEA3C-1523-449D-BB6E-F2BF98719317}.Release|iPhone.ActiveCfg = Release|Any CPU
		{15DEEA3C-1523-449D-BB6E-F2BF98719317}.Release|iPhone.Build.0 = Release|Any CPU
		{15DEEA3C-1523-449D-BB6E-F2BF98719317}.Release|iPhone.Deploy.0 = Release|Any CPU
		{15DEEA3C-1523-449D-BB6E-F2BF98719317}.Release|iPhoneSimulator.ActiveCfg = Release|Any CPU
		{15DEEA3C-1523-449D-BB6E-F2BF98719317}.Release|iPhoneSimulator.Build.0 = Release|Any CPU
		{15DEEA3C-1523-449D-BB6E-F2BF98719317}.Release|iPhoneSimulator.Deploy.0 = Release|Any CPU
		{1BA86B5A-66A3-485D-8524-D15274197402}.Debug|Any CPU.ActiveCfg = Debug|iPhoneSimulator
		{1BA86B5A-66A3-485D-8524-D15274197402}.Debug|Any CPU.Build.0 = Debug|iPhoneSimulator
		{1BA86B5A-66A3-485D-8524-D15274197402}.Debug|Any CPU.Deploy.0 = Debug|iPhoneSimulator
		{1BA86B5A-66A3-485D-8524-D15274197402}.Debug|iPhone.ActiveCfg = Debug|iPhone
		{1BA86B5A-66A3-485D-8524-D15274197402}.Debug|iPhone.Build.0 = Debug|iPhone
		{1BA86B5A-66A3-485D-8524-D15274197402}.Debug|iPhone.Deploy.0 = Debug|iPhone
		{1BA86B5A-66A3-485D-8524-D15274197402}.Debug|iPhoneSimulator.ActiveCfg = Debug|iPhoneSimulator
		{1BA86B5A-66A3-485D-8524-D15274197402}.Debug|iPhoneSimulator.Build.0 = Debug|iPhoneSimulator
		{1BA86B5A-66A3-485D-8524-D15274197402}.Debug|iPhoneSimulator.Deploy.0 = Debug|iPhoneSimulator
		{1BA86B5A-66A3-485D-8524-D15274197402}.Release|Any CPU.ActiveCfg = Release|iPhone
		{1BA86B5A-66A3-485D-8524-D15274197402}.Release|Any CPU.Build.0 = Release|iPhone
		{1BA86B5A-66A3-485D-8524-D15274197402}.Release|Any CPU.Deploy.0 = Release|iPhone
		{1BA86B5A-66A3-485D-8524-D15274197402}.Release|iPhone.ActiveCfg = Release|iPhone
		{1BA86B5A-66A3-485D-8524-D15274197402}.Release|iPhone.Build.0 = Release|iPhone
		{1BA86B5A-66A3-485D-8524-D15274197402}.Release|iPhone.Deploy.0 = Release|iPhone
		{1BA86B5A-66A3-485D-8524-D15274197402}.Release|iPhoneSimulator.ActiveCfg = Release|iPhoneSimulator
		{1BA86B5A-66A3-485D-8524-D15274197402}.Release|iPhoneSimulator.Build.0 = Release|iPhoneSimulator
		{1BA86B5A-66A3-485D-8524-D15274197402}.Release|iPhoneSimulator.Deploy.0 = Release|iPhoneSimulator
		{689014E4-2209-4605-8B75-426796ED83E6}.Debug|Any CPU.ActiveCfg = Debug|Any CPU
		{689014E4-2209-4605-8B75-426796ED83E6}.Debug|Any CPU.Build.0 = Debug|Any CPU
		{689014E4-2209-4605-8B75-426796ED83E6}.Debug|Any CPU.Deploy.0 = Debug|Any CPU
		{689014E4-2209-4605-8B75-426796ED83E6}.Debug|iPhone.ActiveCfg = Debug|Any CPU
		{689014E4-2209-4605-8B75-426796ED83E6}.Debug|iPhone.Build.0 = Debug|Any CPU
		{689014E4-2209-4605-8B75-426796ED83E6}.Debug|iPhone.Deploy.0 = Debug|Any CPU
		{689014E4-2209-4605-8B75-426796ED83E6}.Debug|iPhoneSimulator.ActiveCfg = Debug|Any CPU
		{689014E4-2209-4605-8B75-426796ED83E6}.Debug|iPhoneSimulator.Build.0 = Debug|Any CPU
		{689014E4-2209-4605-8B75-426796ED83E6}.Debug|iPhoneSimulator.Deploy.0 = Debug|Any CPU
		{689014E4-2209-4605-8B75-426796ED83E6}.Release|Any CPU.ActiveCfg = Release|Any CPU
		{689014E4-2209-4605-8B75-426796ED83E6}.Release|Any CPU.Build.0 = Release|Any CPU
		{689014E4-2209-4605-8B75-426796ED83E6}.Release|Any CPU.Deploy.0 = Release|Any CPU
		{689014E4-2209-4605-8B75-426796ED83E6}.Release|iPhone.ActiveCfg = Release|Any CPU
		{689014E4-2209-4605-8B75-426796ED83E6}.Release|iPhone.Build.0 = Release|Any CPU
		{689014E4-2209-4605-8B75-426796ED83E6}.Release|iPhone.Deploy.0 = Release|Any CPU
		{689014E4-2209-4605-8B75-426796ED83E6}.Release|iPhoneSimulator.ActiveCfg = Release|Any CPU
		{689014E4-2209-4605-8B75-426796ED83E6}.Release|iPhoneSimulator.Build.0 = Release|Any CPU
		{689014E4-2209-4605-8B75-426796ED83E6}.Release|iPhoneSimulator.Deploy.0 = Release|Any CPU
	EndGlobalSection
	GlobalSection(SolutionProperties) = preSolution
		HideSolutionNode = FALSE
	EndGlobalSection
	GlobalSection(ExtensibilityGlobals) = postSolution
		SolutionGuid = {264C5FEA-A514-4DB1-8DD4-849EDC469CFC}
	EndGlobalSection
EndGlobal
